
Microsoft Visual Studio Solution File, Format Version 12.00
# Visual Studio 15
VisualStudioVersion = 15.0.26730.12
MinimumVisualStudioVersion = 10.0.40219.1
Project("{FAE04EC0-301F-11D3-BF4B-00C04F79EFBC}") = "ServiceBouncer", "ServiceBouncer\ServiceBouncer.csproj", "{EA0A8CE0-B97C-4D25-B2DE-E0A647B5F705}"
EndProject
Project("{2150E333-8FDC-42A3-9474-1A3956D46DE8}") = ".paket", ".paket", "{3B3A1171-D376-49C3-B842-EF87D240D2A7}"
	ProjectSection(SolutionItems) = preProject
		..\paket.dependencies = ..\paket.dependencies
	EndProjectSection
EndProject
Project("{2150E333-8FDC-42A3-9474-1A3956D46DE8}") = ".build", ".build", "{0BAE63DF-A629-4C99-A48D-23EF77BCBDDF}"
	ProjectSection(SolutionItems) = preProject
		..\build.cmd = ..\build.cmd
		..\build.fsx = ..\build.fsx
		Deploy\deploy.ps1 = Deploy\deploy.ps1
		Deploy\ServiceBouncer.nuspec = Deploy\ServiceBouncer.nuspec
	EndProjectSection
EndProject
Global
	GlobalSection(SolutionConfigurationPlatforms) = preSolution
		Debug|Any CPU = Debug|Any CPU
		Release|Any CPU = Release|Any CPU
	EndGlobalSection
	GlobalSection(ProjectConfigurationPlatforms) = postSolution
		{EA0A8CE0-B97C-4D25-B2DE-E0A647B5F705}.Debug|Any CPU.ActiveCfg = Debug|Any CPU
		{EA0A8CE0-B97C-4D25-B2DE-E0A647B5F705}.Debug|Any CPU.Build.0 = Debug|Any CPU
		{EA0A8CE0-B97C-4D25-B2DE-E0A647B5F705}.Release|Any CPU.ActiveCfg = Release|Any CPU
		{EA0A8CE0-B97C-4D25-B2DE-E0A647B5F705}.Release|Any CPU.Build.0 = Release|Any CPU
	EndGlobalSection
	GlobalSection(SolutionProperties) = preSolution
		HideSolutionNode = FALSE
	EndGlobalSection
	GlobalSection(ExtensibilityGlobals) = postSolution
		SolutionGuid = {7B5C928A-592C-4FE0-8B66-C7446C25207D}
	EndGlobalSection
EndGlobal
